// !$*UTF8*$!
{
	archiveVersion = 1;
	classes = {
	};
	objectVersion = 52;
	objects = {

/* Begin PBXBuildFile section */
		161233762510BA9E00263D40 /* ExchangeRateCell.swift in Sources */ = {isa = PBXBuildFile; fileRef = 161233752510BA9E00263D40 /* ExchangeRateCell.swift */; };
		161233782510BBC000263D40 /* ExchangeRateCellController.swift in Sources */ = {isa = PBXBuildFile; fileRef = 161233772510BBC000263D40 /* ExchangeRateCellController.swift */; };
		1612337A2510BC3700263D40 /* ExchangeRateCellViewModel.swift in Sources */ = {isa = PBXBuildFile; fileRef = 161233792510BC3700263D40 /* ExchangeRateCellViewModel.swift */; };
		1612337D2510D2FF00263D40 /* UITableView+Dequeueing.swift in Sources */ = {isa = PBXBuildFile; fileRef = 1612337C2510D2FF00263D40 /* UITableView+Dequeueing.swift */; };
		1612337F2510D3DC00263D40 /* UIImageView+Animations.swift in Sources */ = {isa = PBXBuildFile; fileRef = 1612337E2510D3DC00263D40 /* UIImageView+Animations.swift */; };
		161233812510E75300263D40 /* MainFeedViewController.swift in Sources */ = {isa = PBXBuildFile; fileRef = 161233802510E75300263D40 /* MainFeedViewController.swift */; };
		163CE04925068880002E9025 /* SharedTestHelpers.swift in Sources */ = {isa = PBXBuildFile; fileRef = 163CE04825068880002E9025 /* SharedTestHelpers.swift */; };
		163CE04C25068DFF002E9025 /* CacheRatesFeedUseCaseTests.swift in Sources */ = {isa = PBXBuildFile; fileRef = 163CE04B25068DFF002E9025 /* CacheRatesFeedUseCaseTests.swift */; };
		163CE04F2507C23C002E9025 /* RatesFeedStoreSpy.swift in Sources */ = {isa = PBXBuildFile; fileRef = 163CE04E2507C23C002E9025 /* RatesFeedStoreSpy.swift */; };
		163CE0512507C2AA002E9025 /* LocalRatesFeedLoader.swift in Sources */ = {isa = PBXBuildFile; fileRef = 163CE0502507C2AA002E9025 /* LocalRatesFeedLoader.swift */; };
		163CE0542507C317002E9025 /* RatesFeedStore.swift in Sources */ = {isa = PBXBuildFile; fileRef = 163CE0532507C317002E9025 /* RatesFeedStore.swift */; };
		163CE0562507C352002E9025 /* LocalFeedRate.swift in Sources */ = {isa = PBXBuildFile; fileRef = 163CE0552507C352002E9025 /* LocalFeedRate.swift */; };
		163CE0582507C39C002E9025 /* FeedCache.swift in Sources */ = {isa = PBXBuildFile; fileRef = 163CE0572507C39C002E9025 /* FeedCache.swift */; };
		163CE05A2508DA4D002E9025 /* ValidateFeedCacheUseCaseTests.swift in Sources */ = {isa = PBXBuildFile; fileRef = 163CE0592508DA4D002E9025 /* ValidateFeedCacheUseCaseTests.swift */; };
		163CE05C250A26A1002E9025 /* CoreDataFeedStoreTests.swift in Sources */ = {isa = PBXBuildFile; fileRef = 163CE05B250A26A1002E9025 /* CoreDataFeedStoreTests.swift */; };
		163CE05F250A270E002E9025 /* RatesFeedStoreSpecs.swift in Sources */ = {isa = PBXBuildFile; fileRef = 163CE05E250A270E002E9025 /* RatesFeedStoreSpecs.swift */; };
		163CE061250A286C002E9025 /* XCTestCase+RatesFeedStoreSpecs.swift in Sources */ = {isa = PBXBuildFile; fileRef = 163CE060250A286C002E9025 /* XCTestCase+RatesFeedStoreSpecs.swift */; };
		163CE063250A29B2002E9025 /* XCTestCase+FailableRetrieveRatesFeedStoreSpecs.swift in Sources */ = {isa = PBXBuildFile; fileRef = 163CE062250A29B2002E9025 /* XCTestCase+FailableRetrieveRatesFeedStoreSpecs.swift */; };
		163CE065250A2A23002E9025 /* XCTestCase+FailableInsertRatesFeedStoreSpecs.swift in Sources */ = {isa = PBXBuildFile; fileRef = 163CE064250A2A23002E9025 /* XCTestCase+FailableInsertRatesFeedStoreSpecs.swift */; };
		163CE067250A2A9F002E9025 /* XCTestCase+FailableDeleteRatesFeedStoreSpecs.swift in Sources */ = {isa = PBXBuildFile; fileRef = 163CE066250A2A9F002E9025 /* XCTestCase+FailableDeleteRatesFeedStoreSpecs.swift */; };
		163CE06B250A2D14002E9025 /* CoreDataRatesFeedStore.swift in Sources */ = {isa = PBXBuildFile; fileRef = 163CE06A250A2D14002E9025 /* CoreDataRatesFeedStore.swift */; };
		163CE06D250A2D57002E9025 /* CoreDataHelpers.swift in Sources */ = {isa = PBXBuildFile; fileRef = 163CE06C250A2D57002E9025 /* CoreDataHelpers.swift */; };
		163CE06F250A2DCC002E9025 /* CoreDataRatesFeedStore+RatesFeedStore.swift in Sources */ = {isa = PBXBuildFile; fileRef = 163CE06E250A2DCC002E9025 /* CoreDataRatesFeedStore+RatesFeedStore.swift */; };
		163CE072250A2F21002E9025 /* RatesFeedStore.xcdatamodeld in Sources */ = {isa = PBXBuildFile; fileRef = 163CE070250A2F21002E9025 /* RatesFeedStore.xcdatamodeld */; };
		163CE074250A371E002E9025 /* ManagedRate.swift in Sources */ = {isa = PBXBuildFile; fileRef = 163CE073250A371E002E9025 /* ManagedRate.swift */; };
		163CE076250A37B5002E9025 /* ManagedCache.swift in Sources */ = {isa = PBXBuildFile; fileRef = 163CE075250A37B5002E9025 /* ManagedCache.swift */; };
		163CE07E250A4CF3002E9025 /* MoneyConverterEngineAPIEndToEndTests.swift in Sources */ = {isa = PBXBuildFile; fileRef = 163CE07D250A4CF3002E9025 /* MoneyConverterEngineAPIEndToEndTests.swift */; };
		163CE080250A4CF3002E9025 /* MoneyConverterEngine.framework in Frameworks */ = {isa = PBXBuildFile; fileRef = 16DDC29C24E6C754006D508D /* MoneyConverterEngine.framework */; };
		163CE086250A50FE002E9025 /* XCTestCase+MemoryLeakTracking.swift in Sources */ = {isa = PBXBuildFile; fileRef = 16DDC2B924E6D280006D508D /* XCTestCase+MemoryLeakTracking.swift */; };
		163E5502250F8EB40039D048 /* ExchangeRatesFeediOS.framework in Frameworks */ = {isa = PBXBuildFile; fileRef = 163E54EA250F89BE0039D048 /* ExchangeRatesFeediOS.framework */; };
		163E550A250F8F7F0039D048 /* XCTestCase+MemoryLeakTracking.swift in Sources */ = {isa = PBXBuildFile; fileRef = 16DDC2B924E6D280006D508D /* XCTestCase+MemoryLeakTracking.swift */; };
		163E550F250F90870039D048 /* MoneyConverterEngine.framework in Frameworks */ = {isa = PBXBuildFile; fileRef = 16DDC29C24E6C754006D508D /* MoneyConverterEngine.framework */; platformFilter = ios; settings = {ATTRIBUTES = (Required, ); }; };
		163E5517250F9D0A0039D048 /* MainFeed.strings in Resources */ = {isa = PBXBuildFile; fileRef = 163E5516250F9D0A0039D048 /* MainFeed.strings */; };
		163E5519250F9D8A0039D048 /* MainFeedViewModel.swift in Sources */ = {isa = PBXBuildFile; fileRef = 163E5518250F9D8A0039D048 /* MainFeedViewModel.swift */; };
		163E551B250FA2E50039D048 /* MainFeed.storyboard in Resources */ = {isa = PBXBuildFile; fileRef = 163E551A250FA2E50039D048 /* MainFeed.storyboard */; };
		163E551D250FAFC00039D048 /* MainFeed.xcassets in Resources */ = {isa = PBXBuildFile; fileRef = 163E551C250FAFBF0039D048 /* MainFeed.xcassets */; };
		165E206E2512198300AFB974 /* MainFeedUIComposer.swift in Sources */ = {isa = PBXBuildFile; fileRef = 165E206D2512198300AFB974 /* MainFeedUIComposer.swift */; };
		16DDC2A624E6C754006D508D /* MoneyConverterEngine.framework in Frameworks */ = {isa = PBXBuildFile; fileRef = 16DDC29C24E6C754006D508D /* MoneyConverterEngine.framework */; };
		16DDC2B724E6D1C7006D508D /* LoadRatesFeedFromRemoteUseCases.swift in Sources */ = {isa = PBXBuildFile; fileRef = 16DDC2B624E6D1C7006D508D /* LoadRatesFeedFromRemoteUseCases.swift */; };
		16DDC2BA24E6D280006D508D /* XCTestCase+MemoryLeakTracking.swift in Sources */ = {isa = PBXBuildFile; fileRef = 16DDC2B924E6D280006D508D /* XCTestCase+MemoryLeakTracking.swift */; };
		1B7402FB24FAD40E001384AF /* URLSessionHTTPClientTests.swift in Sources */ = {isa = PBXBuildFile; fileRef = 1B7402FA24FAD40E001384AF /* URLSessionHTTPClientTests.swift */; };
		1B7402FE24FAE239001384AF /* HTTPClientSpy.swift in Sources */ = {isa = PBXBuildFile; fileRef = 1B7402FD24FAE239001384AF /* HTTPClientSpy.swift */; };
		1B74030024FAE6A7001384AF /* RatesFeedLoader.swift in Sources */ = {isa = PBXBuildFile; fileRef = 1B7402FF24FAE6A7001384AF /* RatesFeedLoader.swift */; };
		1B74030224FAE6E0001384AF /* FeedRate.swift in Sources */ = {isa = PBXBuildFile; fileRef = 1B74030124FAE6E0001384AF /* FeedRate.swift */; };
		1B74030624FAE7D1001384AF /* RemoteRatesFeedLoader.swift in Sources */ = {isa = PBXBuildFile; fileRef = 1B74030524FAE7D1001384AF /* RemoteRatesFeedLoader.swift */; };
		1B74030824FAE813001384AF /* HTTPClient.swift in Sources */ = {isa = PBXBuildFile; fileRef = 1B74030724FAE813001384AF /* HTTPClient.swift */; };
		1B74030A24FAE87F001384AF /* FeedRatesMapper.swift in Sources */ = {isa = PBXBuildFile; fileRef = 1B74030924FAE87F001384AF /* FeedRatesMapper.swift */; };
		1B74030C24FAE8A9001384AF /* RemoteFeedRate.swift in Sources */ = {isa = PBXBuildFile; fileRef = 1B74030B24FAE8A9001384AF /* RemoteFeedRate.swift */; };
		1B74030F24FAE8F2001384AF /* HTTPURLResponse+StatusCodes.swift in Sources */ = {isa = PBXBuildFile; fileRef = 1B74030E24FAE8F2001384AF /* HTTPURLResponse+StatusCodes.swift */; };
		1B74031124FAE943001384AF /* URLSessionHTTPClient.swift in Sources */ = {isa = PBXBuildFile; fileRef = 1B74031024FAE943001384AF /* URLSessionHTTPClient.swift */; };
		1B74031324FAEAC8001384AF /* URLProtocolStub.swift in Sources */ = {isa = PBXBuildFile; fileRef = 1B74031224FAEAC8001384AF /* URLProtocolStub.swift */; };
		1B768773250F744E00AF4711 /* MoneyConverterEngineCacheIntegrationTests.swift in Sources */ = {isa = PBXBuildFile; fileRef = 1B768772250F744E00AF4711 /* MoneyConverterEngineCacheIntegrationTests.swift */; };
		1B768779250F779200AF4711 /* SharedTestHelpers.swift in Sources */ = {isa = PBXBuildFile; fileRef = 163CE04825068880002E9025 /* SharedTestHelpers.swift */; };
		1B76877A250F77D600AF4711 /* XCTestCase+MemoryLeakTracking.swift in Sources */ = {isa = PBXBuildFile; fileRef = 16DDC2B924E6D280006D508D /* XCTestCase+MemoryLeakTracking.swift */; };
		1BB82F5F2507CF4300E2D911 /* LoadRatesFeedFromCacheUseCaseTests.swift in Sources */ = {isa = PBXBuildFile; fileRef = 1BB82F5E2507CF4300E2D911 /* LoadRatesFeedFromCacheUseCaseTests.swift */; };
		1BB82F612507D46100E2D911 /* RatesFeedCachePolicy.swift in Sources */ = {isa = PBXBuildFile; fileRef = 1BB82F602507D46100E2D911 /* RatesFeedCachePolicy.swift */; };
		1BFB79202510F33C00EDB9B5 /* ErrorView.swift in Sources */ = {isa = PBXBuildFile; fileRef = 1BFB791F2510F33C00EDB9B5 /* ErrorView.swift */; };
		1BFB79222510FB5100EDB9B5 /* Localized.swift in Sources */ = {isa = PBXBuildFile; fileRef = 1BFB79212510FB5100EDB9B5 /* Localized.swift */; };
/* End PBXBuildFile section */

/* Begin PBXContainerItemProxy section */
		163CE081250A4CF3002E9025 /* PBXContainerItemProxy */ = {
			isa = PBXContainerItemProxy;
			containerPortal = 16DDC29324E6C754006D508D /* Project object */;
			proxyType = 1;
			remoteGlobalIDString = 16DDC29B24E6C754006D508D;
			remoteInfo = MoneyConverterEngine;
		};
		163E5503250F8EB40039D048 /* PBXContainerItemProxy */ = {
			isa = PBXContainerItemProxy;
			containerPortal = 16DDC29324E6C754006D508D /* Project object */;
			proxyType = 1;
			remoteGlobalIDString = 163E54E9250F89BE0039D048;
			remoteInfo = ExchangeRatesFeediOS;
		};
		163E5511250F90870039D048 /* PBXContainerItemProxy */ = {
			isa = PBXContainerItemProxy;
			containerPortal = 16DDC29324E6C754006D508D /* Project object */;
			proxyType = 1;
			remoteGlobalIDString = 16DDC29B24E6C754006D508D;
			remoteInfo = MoneyConverterEngine;
		};
		16DDC2A724E6C754006D508D /* PBXContainerItemProxy */ = {
			isa = PBXContainerItemProxy;
			containerPortal = 16DDC29324E6C754006D508D /* Project object */;
			proxyType = 1;
			remoteGlobalIDString = 16DDC29B24E6C754006D508D;
			remoteInfo = MoneyConverterEngine;
		};
/* End PBXContainerItemProxy section */

/* Begin PBXFileReference section */
		161233752510BA9E00263D40 /* ExchangeRateCell.swift */ = {isa = PBXFileReference; lastKnownFileType = sourcecode.swift; path = ExchangeRateCell.swift; sourceTree = "<group>"; };
		161233772510BBC000263D40 /* ExchangeRateCellController.swift */ = {isa = PBXFileReference; lastKnownFileType = sourcecode.swift; path = ExchangeRateCellController.swift; sourceTree = "<group>"; };
		161233792510BC3700263D40 /* ExchangeRateCellViewModel.swift */ = {isa = PBXFileReference; lastKnownFileType = sourcecode.swift; path = ExchangeRateCellViewModel.swift; sourceTree = "<group>"; };
		1612337C2510D2FF00263D40 /* UITableView+Dequeueing.swift */ = {isa = PBXFileReference; lastKnownFileType = sourcecode.swift; path = "UITableView+Dequeueing.swift"; sourceTree = "<group>"; };
		1612337E2510D3DC00263D40 /* UIImageView+Animations.swift */ = {isa = PBXFileReference; lastKnownFileType = sourcecode.swift; path = "UIImageView+Animations.swift"; sourceTree = "<group>"; };
		161233802510E75300263D40 /* MainFeedViewController.swift */ = {isa = PBXFileReference; lastKnownFileType = sourcecode.swift; path = MainFeedViewController.swift; sourceTree = "<group>"; };
		163CE04825068880002E9025 /* SharedTestHelpers.swift */ = {isa = PBXFileReference; lastKnownFileType = sourcecode.swift; path = SharedTestHelpers.swift; sourceTree = "<group>"; };
		163CE04B25068DFF002E9025 /* CacheRatesFeedUseCaseTests.swift */ = {isa = PBXFileReference; lastKnownFileType = sourcecode.swift; path = CacheRatesFeedUseCaseTests.swift; sourceTree = "<group>"; };
		163CE04E2507C23C002E9025 /* RatesFeedStoreSpy.swift */ = {isa = PBXFileReference; lastKnownFileType = sourcecode.swift; path = RatesFeedStoreSpy.swift; sourceTree = "<group>"; };
		163CE0502507C2AA002E9025 /* LocalRatesFeedLoader.swift */ = {isa = PBXFileReference; lastKnownFileType = sourcecode.swift; path = LocalRatesFeedLoader.swift; sourceTree = "<group>"; };
		163CE0532507C317002E9025 /* RatesFeedStore.swift */ = {isa = PBXFileReference; lastKnownFileType = sourcecode.swift; path = RatesFeedStore.swift; sourceTree = "<group>"; };
		163CE0552507C352002E9025 /* LocalFeedRate.swift */ = {isa = PBXFileReference; lastKnownFileType = sourcecode.swift; path = LocalFeedRate.swift; sourceTree = "<group>"; };
		163CE0572507C39C002E9025 /* FeedCache.swift */ = {isa = PBXFileReference; lastKnownFileType = sourcecode.swift; path = FeedCache.swift; sourceTree = "<group>"; };
		163CE0592508DA4D002E9025 /* ValidateFeedCacheUseCaseTests.swift */ = {isa = PBXFileReference; lastKnownFileType = sourcecode.swift; path = ValidateFeedCacheUseCaseTests.swift; sourceTree = "<group>"; };
		163CE05B250A26A1002E9025 /* CoreDataFeedStoreTests.swift */ = {isa = PBXFileReference; lastKnownFileType = sourcecode.swift; path = CoreDataFeedStoreTests.swift; sourceTree = "<group>"; };
		163CE05E250A270E002E9025 /* RatesFeedStoreSpecs.swift */ = {isa = PBXFileReference; lastKnownFileType = sourcecode.swift; path = RatesFeedStoreSpecs.swift; sourceTree = "<group>"; };
		163CE060250A286C002E9025 /* XCTestCase+RatesFeedStoreSpecs.swift */ = {isa = PBXFileReference; lastKnownFileType = sourcecode.swift; path = "XCTestCase+RatesFeedStoreSpecs.swift"; sourceTree = "<group>"; };
		163CE062250A29B2002E9025 /* XCTestCase+FailableRetrieveRatesFeedStoreSpecs.swift */ = {isa = PBXFileReference; lastKnownFileType = sourcecode.swift; path = "XCTestCase+FailableRetrieveRatesFeedStoreSpecs.swift"; sourceTree = "<group>"; };
		163CE064250A2A23002E9025 /* XCTestCase+FailableInsertRatesFeedStoreSpecs.swift */ = {isa = PBXFileReference; lastKnownFileType = sourcecode.swift; path = "XCTestCase+FailableInsertRatesFeedStoreSpecs.swift"; sourceTree = "<group>"; };
		163CE066250A2A9F002E9025 /* XCTestCase+FailableDeleteRatesFeedStoreSpecs.swift */ = {isa = PBXFileReference; lastKnownFileType = sourcecode.swift; path = "XCTestCase+FailableDeleteRatesFeedStoreSpecs.swift"; sourceTree = "<group>"; };
		163CE06A250A2D14002E9025 /* CoreDataRatesFeedStore.swift */ = {isa = PBXFileReference; lastKnownFileType = sourcecode.swift; path = CoreDataRatesFeedStore.swift; sourceTree = "<group>"; };
		163CE06C250A2D57002E9025 /* CoreDataHelpers.swift */ = {isa = PBXFileReference; lastKnownFileType = sourcecode.swift; path = CoreDataHelpers.swift; sourceTree = "<group>"; };
		163CE06E250A2DCC002E9025 /* CoreDataRatesFeedStore+RatesFeedStore.swift */ = {isa = PBXFileReference; lastKnownFileType = sourcecode.swift; path = "CoreDataRatesFeedStore+RatesFeedStore.swift"; sourceTree = "<group>"; };
		163CE071250A2F21002E9025 /* RatesFeedStore.xcdatamodel */ = {isa = PBXFileReference; lastKnownFileType = wrapper.xcdatamodel; path = RatesFeedStore.xcdatamodel; sourceTree = "<group>"; };
		163CE073250A371E002E9025 /* ManagedRate.swift */ = {isa = PBXFileReference; lastKnownFileType = sourcecode.swift; path = ManagedRate.swift; sourceTree = "<group>"; };
		163CE075250A37B5002E9025 /* ManagedCache.swift */ = {isa = PBXFileReference; lastKnownFileType = sourcecode.swift; path = ManagedCache.swift; sourceTree = "<group>"; };
		163CE07B250A4CF3002E9025 /* MoneyConverterEngineAPIEndToEndTests.xctest */ = {isa = PBXFileReference; explicitFileType = wrapper.cfbundle; includeInIndex = 0; path = MoneyConverterEngineAPIEndToEndTests.xctest; sourceTree = BUILT_PRODUCTS_DIR; };
		163CE07D250A4CF3002E9025 /* MoneyConverterEngineAPIEndToEndTests.swift */ = {isa = PBXFileReference; lastKnownFileType = sourcecode.swift; path = MoneyConverterEngineAPIEndToEndTests.swift; sourceTree = "<group>"; };
		163CE07F250A4CF3002E9025 /* Info.plist */ = {isa = PBXFileReference; lastKnownFileType = text.plist.xml; path = Info.plist; sourceTree = "<group>"; };
		163E54EA250F89BE0039D048 /* ExchangeRatesFeediOS.framework */ = {isa = PBXFileReference; explicitFileType = wrapper.framework; includeInIndex = 0; path = ExchangeRatesFeediOS.framework; sourceTree = BUILT_PRODUCTS_DIR; };
		163E54ED250F89BE0039D048 /* Info.plist */ = {isa = PBXFileReference; lastKnownFileType = text.plist.xml; path = Info.plist; sourceTree = "<group>"; };
		163E54FD250F8EB40039D048 /* ExchangeRatesFeediOSTests.xctest */ = {isa = PBXFileReference; explicitFileType = wrapper.cfbundle; includeInIndex = 0; path = ExchangeRatesFeediOSTests.xctest; sourceTree = BUILT_PRODUCTS_DIR; };
		163E5516250F9D0A0039D048 /* MainFeed.strings */ = {isa = PBXFileReference; lastKnownFileType = text.plist.strings; path = MainFeed.strings; sourceTree = "<group>"; };
		163E5518250F9D8A0039D048 /* MainFeedViewModel.swift */ = {isa = PBXFileReference; lastKnownFileType = sourcecode.swift; path = MainFeedViewModel.swift; sourceTree = "<group>"; };
		163E551A250FA2E50039D048 /* MainFeed.storyboard */ = {isa = PBXFileReference; lastKnownFileType = file.storyboard; path = MainFeed.storyboard; sourceTree = "<group>"; };
		163E551C250FAFBF0039D048 /* MainFeed.xcassets */ = {isa = PBXFileReference; lastKnownFileType = folder.assetcatalog; path = MainFeed.xcassets; sourceTree = "<group>"; };
		165E206D2512198300AFB974 /* MainFeedUIComposer.swift */ = {isa = PBXFileReference; lastKnownFileType = sourcecode.swift; path = MainFeedUIComposer.swift; sourceTree = "<group>"; };
		16DDC29C24E6C754006D508D /* MoneyConverterEngine.framework */ = {isa = PBXFileReference; explicitFileType = wrapper.framework; includeInIndex = 0; path = MoneyConverterEngine.framework; sourceTree = BUILT_PRODUCTS_DIR; };
		16DDC2A024E6C754006D508D /* Info.plist */ = {isa = PBXFileReference; lastKnownFileType = text.plist.xml; path = Info.plist; sourceTree = "<group>"; };
		16DDC2A524E6C754006D508D /* MoneyConverterEngineTests.xctest */ = {isa = PBXFileReference; explicitFileType = wrapper.cfbundle; includeInIndex = 0; path = MoneyConverterEngineTests.xctest; sourceTree = BUILT_PRODUCTS_DIR; };
		16DDC2AC24E6C754006D508D /* Info.plist */ = {isa = PBXFileReference; lastKnownFileType = text.plist.xml; path = Info.plist; sourceTree = "<group>"; };
		16DDC2B624E6D1C7006D508D /* LoadRatesFeedFromRemoteUseCases.swift */ = {isa = PBXFileReference; lastKnownFileType = sourcecode.swift; path = LoadRatesFeedFromRemoteUseCases.swift; sourceTree = "<group>"; };
		16DDC2B924E6D280006D508D /* XCTestCase+MemoryLeakTracking.swift */ = {isa = PBXFileReference; lastKnownFileType = sourcecode.swift; path = "XCTestCase+MemoryLeakTracking.swift"; sourceTree = "<group>"; };
		1B7402FA24FAD40E001384AF /* URLSessionHTTPClientTests.swift */ = {isa = PBXFileReference; lastKnownFileType = sourcecode.swift; path = URLSessionHTTPClientTests.swift; sourceTree = "<group>"; };
		1B7402FD24FAE239001384AF /* HTTPClientSpy.swift */ = {isa = PBXFileReference; lastKnownFileType = sourcecode.swift; path = HTTPClientSpy.swift; sourceTree = "<group>"; };
		1B7402FF24FAE6A7001384AF /* RatesFeedLoader.swift */ = {isa = PBXFileReference; lastKnownFileType = sourcecode.swift; path = RatesFeedLoader.swift; sourceTree = "<group>"; };
		1B74030124FAE6E0001384AF /* FeedRate.swift */ = {isa = PBXFileReference; lastKnownFileType = sourcecode.swift; path = FeedRate.swift; sourceTree = "<group>"; };
		1B74030524FAE7D1001384AF /* RemoteRatesFeedLoader.swift */ = {isa = PBXFileReference; lastKnownFileType = sourcecode.swift; path = RemoteRatesFeedLoader.swift; sourceTree = "<group>"; };
		1B74030724FAE813001384AF /* HTTPClient.swift */ = {isa = PBXFileReference; lastKnownFileType = sourcecode.swift; path = HTTPClient.swift; sourceTree = "<group>"; };
		1B74030924FAE87F001384AF /* FeedRatesMapper.swift */ = {isa = PBXFileReference; lastKnownFileType = sourcecode.swift; path = FeedRatesMapper.swift; sourceTree = "<group>"; };
		1B74030B24FAE8A9001384AF /* RemoteFeedRate.swift */ = {isa = PBXFileReference; lastKnownFileType = sourcecode.swift; path = RemoteFeedRate.swift; sourceTree = "<group>"; };
		1B74030E24FAE8F2001384AF /* HTTPURLResponse+StatusCodes.swift */ = {isa = PBXFileReference; lastKnownFileType = sourcecode.swift; path = "HTTPURLResponse+StatusCodes.swift"; sourceTree = "<group>"; };
		1B74031024FAE943001384AF /* URLSessionHTTPClient.swift */ = {isa = PBXFileReference; lastKnownFileType = sourcecode.swift; path = URLSessionHTTPClient.swift; sourceTree = "<group>"; };
		1B74031224FAEAC8001384AF /* URLProtocolStub.swift */ = {isa = PBXFileReference; lastKnownFileType = sourcecode.swift; path = URLProtocolStub.swift; sourceTree = "<group>"; };
		1B768770250F744E00AF4711 /* MoneyConverterEngineCacheIntegrationTests.xctest */ = {isa = PBXFileReference; explicitFileType = wrapper.cfbundle; includeInIndex = 0; path = MoneyConverterEngineCacheIntegrationTests.xctest; sourceTree = BUILT_PRODUCTS_DIR; };
		1B768772250F744E00AF4711 /* MoneyConverterEngineCacheIntegrationTests.swift */ = {isa = PBXFileReference; lastKnownFileType = sourcecode.swift; path = MoneyConverterEngineCacheIntegrationTests.swift; sourceTree = "<group>"; };
		1B768774250F744F00AF4711 /* Info.plist */ = {isa = PBXFileReference; lastKnownFileType = text.plist.xml; path = Info.plist; sourceTree = "<group>"; };
		1BB82F5E2507CF4300E2D911 /* LoadRatesFeedFromCacheUseCaseTests.swift */ = {isa = PBXFileReference; lastKnownFileType = sourcecode.swift; path = LoadRatesFeedFromCacheUseCaseTests.swift; sourceTree = "<group>"; };
		1BB82F602507D46100E2D911 /* RatesFeedCachePolicy.swift */ = {isa = PBXFileReference; lastKnownFileType = sourcecode.swift; path = RatesFeedCachePolicy.swift; sourceTree = "<group>"; };
		1BFB791F2510F33C00EDB9B5 /* ErrorView.swift */ = {isa = PBXFileReference; lastKnownFileType = sourcecode.swift; path = ErrorView.swift; sourceTree = "<group>"; };
		1BFB79212510FB5100EDB9B5 /* Localized.swift */ = {isa = PBXFileReference; lastKnownFileType = sourcecode.swift; path = Localized.swift; sourceTree = "<group>"; };
/* End PBXFileReference section */

/* Begin PBXFrameworksBuildPhase section */
		163CE078250A4CF3002E9025 /* Frameworks */ = {
			isa = PBXFrameworksBuildPhase;
			buildActionMask = 2147483647;
			files = (
				163CE080250A4CF3002E9025 /* MoneyConverterEngine.framework in Frameworks */,
			);
			runOnlyForDeploymentPostprocessing = 0;
		};
		163E54E7250F89BE0039D048 /* Frameworks */ = {
			isa = PBXFrameworksBuildPhase;
			buildActionMask = 2147483647;
			files = (
				163E550F250F90870039D048 /* MoneyConverterEngine.framework in Frameworks */,
			);
			runOnlyForDeploymentPostprocessing = 0;
		};
		163E54FA250F8EB40039D048 /* Frameworks */ = {
			isa = PBXFrameworksBuildPhase;
			buildActionMask = 2147483647;
			files = (
				163E5502250F8EB40039D048 /* ExchangeRatesFeediOS.framework in Frameworks */,
			);
			runOnlyForDeploymentPostprocessing = 0;
		};
		16DDC29924E6C754006D508D /* Frameworks */ = {
			isa = PBXFrameworksBuildPhase;
			buildActionMask = 2147483647;
			files = (
			);
			runOnlyForDeploymentPostprocessing = 0;
		};
		16DDC2A224E6C754006D508D /* Frameworks */ = {
			isa = PBXFrameworksBuildPhase;
			buildActionMask = 2147483647;
			files = (
				16DDC2A624E6C754006D508D /* MoneyConverterEngine.framework in Frameworks */,
			);
			runOnlyForDeploymentPostprocessing = 0;
		};
		1B76876D250F744E00AF4711 /* Frameworks */ = {
			isa = PBXFrameworksBuildPhase;
			buildActionMask = 2147483647;
			files = (
			);
			runOnlyForDeploymentPostprocessing = 0;
		};
/* End PBXFrameworksBuildPhase section */

/* Begin PBXGroup section */
		1612337B2510D2D100263D40 /* Helpers */ = {
			isa = PBXGroup;
			children = (
				1612337C2510D2FF00263D40 /* UITableView+Dequeueing.swift */,
				1612337E2510D3DC00263D40 /* UIImageView+Animations.swift */,
			);
			path = Helpers;
			sourceTree = "<group>";
		};
		163CE04A2506892E002E9025 /* Rates Feed Cache */ = {
			isa = PBXGroup;
			children = (
				163CE04D2507C218002E9025 /* Helpers */,
				163CE05D250A26E6002E9025 /* RatesFeedStoreSpecs */,
				163CE04B25068DFF002E9025 /* CacheRatesFeedUseCaseTests.swift */,
				1BB82F5E2507CF4300E2D911 /* LoadRatesFeedFromCacheUseCaseTests.swift */,
				163CE0592508DA4D002E9025 /* ValidateFeedCacheUseCaseTests.swift */,
				163CE05B250A26A1002E9025 /* CoreDataFeedStoreTests.swift */,
			);
			path = "Rates Feed Cache";
			sourceTree = "<group>";
		};
		163CE04D2507C218002E9025 /* Helpers */ = {
			isa = PBXGroup;
			children = (
				163CE04E2507C23C002E9025 /* RatesFeedStoreSpy.swift */,
			);
			path = Helpers;
			sourceTree = "<group>";
		};
		163CE0522507C2FA002E9025 /* Rates Feed Cache */ = {
			isa = PBXGroup;
			children = (
				163CE068250A2CD8002E9025 /* Infrastructure */,
				163CE0502507C2AA002E9025 /* LocalRatesFeedLoader.swift */,
				163CE0532507C317002E9025 /* RatesFeedStore.swift */,
				163CE0552507C352002E9025 /* LocalFeedRate.swift */,
				1BB82F602507D46100E2D911 /* RatesFeedCachePolicy.swift */,
			);
			path = "Rates Feed Cache";
			sourceTree = "<group>";
		};
		163CE05D250A26E6002E9025 /* RatesFeedStoreSpecs */ = {
			isa = PBXGroup;
			children = (
				163CE05E250A270E002E9025 /* RatesFeedStoreSpecs.swift */,
				163CE060250A286C002E9025 /* XCTestCase+RatesFeedStoreSpecs.swift */,
				163CE062250A29B2002E9025 /* XCTestCase+FailableRetrieveRatesFeedStoreSpecs.swift */,
				163CE064250A2A23002E9025 /* XCTestCase+FailableInsertRatesFeedStoreSpecs.swift */,
				163CE066250A2A9F002E9025 /* XCTestCase+FailableDeleteRatesFeedStoreSpecs.swift */,
			);
			path = RatesFeedStoreSpecs;
			sourceTree = "<group>";
		};
		163CE068250A2CD8002E9025 /* Infrastructure */ = {
			isa = PBXGroup;
			children = (
				163CE069250A2CEA002E9025 /* CoreData */,
			);
			path = Infrastructure;
			sourceTree = "<group>";
		};
		163CE069250A2CEA002E9025 /* CoreData */ = {
			isa = PBXGroup;
			children = (
				163CE06A250A2D14002E9025 /* CoreDataRatesFeedStore.swift */,
				163CE06E250A2DCC002E9025 /* CoreDataRatesFeedStore+RatesFeedStore.swift */,
				163CE06C250A2D57002E9025 /* CoreDataHelpers.swift */,
				163CE073250A371E002E9025 /* ManagedRate.swift */,
				163CE075250A37B5002E9025 /* ManagedCache.swift */,
				163CE070250A2F21002E9025 /* RatesFeedStore.xcdatamodeld */,
			);
			path = CoreData;
			sourceTree = "<group>";
		};
		163CE07C250A4CF3002E9025 /* MoneyConverterEngineAPIEndToEndTests */ = {
			isa = PBXGroup;
			children = (
				163CE07D250A4CF3002E9025 /* MoneyConverterEngineAPIEndToEndTests.swift */,
				163CE07F250A4CF3002E9025 /* Info.plist */,
			);
			path = MoneyConverterEngineAPIEndToEndTests;
			sourceTree = "<group>";
		};
		163E54EB250F89BE0039D048 /* ExchangeRatesFeediOS */ = {
			isa = PBXGroup;
			children = (
				163E54F2250F8B5C0039D048 /* Source */,
				163E54F3250F8B660039D048 /* Tests */,
				163E54ED250F89BE0039D048 /* Info.plist */,
			);
			path = ExchangeRatesFeediOS;
			sourceTree = "<group>";
		};
		163E54F2250F8B5C0039D048 /* Source */ = {
			isa = PBXGroup;
			children = (
				163E5515250F94CE0039D048 /* Routing */,
				163E54F4250F8B750039D048 /* Feed Presentation */,
				163E54F5250F8B800039D048 /* Feed UI */,
			);
			path = Source;
			sourceTree = "<group>";
		};
		163E54F3250F8B660039D048 /* Tests */ = {
			isa = PBXGroup;
			children = (
				163E550B250F8F910039D048 /* Feed Presentation */,
				163E5508250F8F270039D048 /* Feed UI */,
			);
			path = Tests;
			sourceTree = "<group>";
		};
		163E54F4250F8B750039D048 /* Feed Presentation */ = {
			isa = PBXGroup;
			children = (
				163E5518250F9D8A0039D048 /* MainFeedViewModel.swift */,
				161233792510BC3700263D40 /* ExchangeRateCellViewModel.swift */,
				1BFB79212510FB5100EDB9B5 /* Localized.swift */,
				163E5516250F9D0A0039D048 /* MainFeed.strings */,
			);
			path = "Feed Presentation";
			sourceTree = "<group>";
		};
		163E54F5250F8B800039D048 /* Feed UI */ = {
			isa = PBXGroup;
			children = (
				163E54F8250F8BAA0039D048 /* Views */,
				163E54F7250F8B9F0039D048 /* Controllers */,
				163E54F6250F8B960039D048 /* Composers */,
			);
			path = "Feed UI";
			sourceTree = "<group>";
		};
		163E54F6250F8B960039D048 /* Composers */ = {
			isa = PBXGroup;
			children = (
				165E206D2512198300AFB974 /* MainFeedUIComposer.swift */,
			);
			path = Composers;
			sourceTree = "<group>";
		};
		163E54F7250F8B9F0039D048 /* Controllers */ = {
			isa = PBXGroup;
			children = (
				161233772510BBC000263D40 /* ExchangeRateCellController.swift */,
				161233802510E75300263D40 /* MainFeedViewController.swift */,
			);
			path = Controllers;
			sourceTree = "<group>";
		};
		163E54F8250F8BAA0039D048 /* Views */ = {
			isa = PBXGroup;
			children = (
				1612337B2510D2D100263D40 /* Helpers */,
				161233752510BA9E00263D40 /* ExchangeRateCell.swift */,
				1BFB791F2510F33C00EDB9B5 /* ErrorView.swift */,
				163E551A250FA2E50039D048 /* MainFeed.storyboard */,
				163E551C250FAFBF0039D048 /* MainFeed.xcassets */,
			);
			path = Views;
			sourceTree = "<group>";
		};
		163E5508250F8F270039D048 /* Feed UI */ = {
			isa = PBXGroup;
			children = (
				163E5509250F8F510039D048 /* Helpers */,
			);
			path = "Feed UI";
			sourceTree = "<group>";
		};
		163E5509250F8F510039D048 /* Helpers */ = {
			isa = PBXGroup;
			children = (
			);
			path = Helpers;
			sourceTree = "<group>";
		};
		163E550B250F8F910039D048 /* Feed Presentation */ = {
			isa = PBXGroup;
			children = (
			);
			path = "Feed Presentation";
			sourceTree = "<group>";
		};
		163E550E250F90870039D048 /* Frameworks */ = {
			isa = PBXGroup;
			children = (
			);
			name = Frameworks;
			sourceTree = "<group>";
		};
		163E5515250F94CE0039D048 /* Routing */ = {
			isa = PBXGroup;
			children = (
			);
			path = Routing;
			sourceTree = "<group>";
		};
		16DDC29224E6C754006D508D = {
			isa = PBXGroup;
			children = (
				16DDC29E24E6C754006D508D /* MoneyConverterEngine */,
				16DDC2A924E6C754006D508D /* MoneyConverterEngineTests */,
				163CE07C250A4CF3002E9025 /* MoneyConverterEngineAPIEndToEndTests */,
				1B768771250F744E00AF4711 /* MoneyConverterEngineCacheIntegrationTests */,
				163E54EB250F89BE0039D048 /* ExchangeRatesFeediOS */,
				16DDC29D24E6C754006D508D /* Products */,
				163E550E250F90870039D048 /* Frameworks */,
			);
			sourceTree = "<group>";
		};
		16DDC29D24E6C754006D508D /* Products */ = {
			isa = PBXGroup;
			children = (
				16DDC29C24E6C754006D508D /* MoneyConverterEngine.framework */,
				16DDC2A524E6C754006D508D /* MoneyConverterEngineTests.xctest */,
				163CE07B250A4CF3002E9025 /* MoneyConverterEngineAPIEndToEndTests.xctest */,
				1B768770250F744E00AF4711 /* MoneyConverterEngineCacheIntegrationTests.xctest */,
				163E54EA250F89BE0039D048 /* ExchangeRatesFeediOS.framework */,
				163E54FD250F8EB40039D048 /* ExchangeRatesFeediOSTests.xctest */,
			);
			name = Products;
			sourceTree = "<group>";
		};
		16DDC29E24E6C754006D508D /* MoneyConverterEngine */ = {
			isa = PBXGroup;
			children = (
				1B74030424FAE7AA001384AF /* RatesFeedFeature */,
				163CE0522507C2FA002E9025 /* Rates Feed Cache */,
				1B74030324FAE795001384AF /* Rates API */,
				16DDC2A024E6C754006D508D /* Info.plist */,
			);
			path = MoneyConverterEngine;
			sourceTree = "<group>";
		};
		16DDC2A924E6C754006D508D /* MoneyConverterEngineTests */ = {
			isa = PBXGroup;
			children = (
				16DDC2B824E6D257006D508D /* Helpers */,
				16DDC2BB24E6D2C7006D508D /* Rates API */,
				163CE04A2506892E002E9025 /* Rates Feed Cache */,
				16DDC2AC24E6C754006D508D /* Info.plist */,
			);
			path = MoneyConverterEngineTests;
			sourceTree = "<group>";
		};
		16DDC2B824E6D257006D508D /* Helpers */ = {
			isa = PBXGroup;
			children = (
				16DDC2B924E6D280006D508D /* XCTestCase+MemoryLeakTracking.swift */,
				163CE04825068880002E9025 /* SharedTestHelpers.swift */,
			);
			path = Helpers;
			sourceTree = "<group>";
		};
		16DDC2BB24E6D2C7006D508D /* Rates API */ = {
			isa = PBXGroup;
			children = (
				1B7402FC24FAE1CC001384AF /* Helpers */,
				16DDC2B624E6D1C7006D508D /* LoadRatesFeedFromRemoteUseCases.swift */,
				1B7402FA24FAD40E001384AF /* URLSessionHTTPClientTests.swift */,
			);
			path = "Rates API";
			sourceTree = "<group>";
		};
		1B7402FC24FAE1CC001384AF /* Helpers */ = {
			isa = PBXGroup;
			children = (
				1B7402FD24FAE239001384AF /* HTTPClientSpy.swift */,
				1B74031224FAEAC8001384AF /* URLProtocolStub.swift */,
			);
			path = Helpers;
			sourceTree = "<group>";
		};
		1B74030324FAE795001384AF /* Rates API */ = {
			isa = PBXGroup;
			children = (
				1B74030D24FAE8DA001384AF /* Helpers */,
				1B74030524FAE7D1001384AF /* RemoteRatesFeedLoader.swift */,
				1B74030724FAE813001384AF /* HTTPClient.swift */,
				1B74030924FAE87F001384AF /* FeedRatesMapper.swift */,
				1B74030B24FAE8A9001384AF /* RemoteFeedRate.swift */,
				1B74031024FAE943001384AF /* URLSessionHTTPClient.swift */,
			);
			path = "Rates API";
			sourceTree = "<group>";
		};
		1B74030424FAE7AA001384AF /* RatesFeedFeature */ = {
			isa = PBXGroup;
			children = (
				1B7402FF24FAE6A7001384AF /* RatesFeedLoader.swift */,
				1B74030124FAE6E0001384AF /* FeedRate.swift */,
				163CE0572507C39C002E9025 /* FeedCache.swift */,
			);
			path = RatesFeedFeature;
			sourceTree = "<group>";
		};
		1B74030D24FAE8DA001384AF /* Helpers */ = {
			isa = PBXGroup;
			children = (
				1B74030E24FAE8F2001384AF /* HTTPURLResponse+StatusCodes.swift */,
			);
			path = Helpers;
			sourceTree = "<group>";
		};
		1B768771250F744E00AF4711 /* MoneyConverterEngineCacheIntegrationTests */ = {
			isa = PBXGroup;
			children = (
				1B768772250F744E00AF4711 /* MoneyConverterEngineCacheIntegrationTests.swift */,
				1B768774250F744F00AF4711 /* Info.plist */,
			);
			path = MoneyConverterEngineCacheIntegrationTests;
			sourceTree = "<group>";
		};
/* End PBXGroup section */

/* Begin PBXHeadersBuildPhase section */
		163E54E5250F89BE0039D048 /* Headers */ = {
			isa = PBXHeadersBuildPhase;
			buildActionMask = 2147483647;
			files = (
			);
			runOnlyForDeploymentPostprocessing = 0;
		};
		16DDC29724E6C754006D508D /* Headers */ = {
			isa = PBXHeadersBuildPhase;
			buildActionMask = 2147483647;
			files = (
			);
			runOnlyForDeploymentPostprocessing = 0;
		};
/* End PBXHeadersBuildPhase section */

/* Begin PBXNativeTarget section */
		163CE07A250A4CF3002E9025 /* MoneyConverterEngineAPIEndToEndTests */ = {
			isa = PBXNativeTarget;
			buildConfigurationList = 163CE083250A4CF3002E9025 /* Build configuration list for PBXNativeTarget "MoneyConverterEngineAPIEndToEndTests" */;
			buildPhases = (
				163CE077250A4CF3002E9025 /* Sources */,
				163CE078250A4CF3002E9025 /* Frameworks */,
				163CE079250A4CF3002E9025 /* Resources */,
			);
			buildRules = (
			);
			dependencies = (
				163CE082250A4CF3002E9025 /* PBXTargetDependency */,
			);
			name = MoneyConverterEngineAPIEndToEndTests;
			productName = MoneyConverterEngineAPIEndToEndTests;
			productReference = 163CE07B250A4CF3002E9025 /* MoneyConverterEngineAPIEndToEndTests.xctest */;
			productType = "com.apple.product-type.bundle.unit-test";
		};
		163E54E9250F89BE0039D048 /* ExchangeRatesFeediOS */ = {
			isa = PBXNativeTarget;
			buildConfigurationList = 163E54F1250F89BF0039D048 /* Build configuration list for PBXNativeTarget "ExchangeRatesFeediOS" */;
			buildPhases = (
				163E54E5250F89BE0039D048 /* Headers */,
				163E54E6250F89BE0039D048 /* Sources */,
				163E54E7250F89BE0039D048 /* Frameworks */,
				163E54E8250F89BE0039D048 /* Resources */,
			);
			buildRules = (
			);
			dependencies = (
				163E5512250F90870039D048 /* PBXTargetDependency */,
			);
			name = ExchangeRatesFeediOS;
			productName = ExchangeRatesFeediOS;
			productReference = 163E54EA250F89BE0039D048 /* ExchangeRatesFeediOS.framework */;
			productType = "com.apple.product-type.framework";
		};
		163E54FC250F8EB40039D048 /* ExchangeRatesFeediOSTests */ = {
			isa = PBXNativeTarget;
			buildConfigurationList = 163E5505250F8EB40039D048 /* Build configuration list for PBXNativeTarget "ExchangeRatesFeediOSTests" */;
			buildPhases = (
				163E54F9250F8EB40039D048 /* Sources */,
				163E54FA250F8EB40039D048 /* Frameworks */,
				163E54FB250F8EB40039D048 /* Resources */,
			);
			buildRules = (
			);
			dependencies = (
				163E5504250F8EB40039D048 /* PBXTargetDependency */,
			);
			name = ExchangeRatesFeediOSTests;
			productName = ExchangeRatesFeediOSTests;
			productReference = 163E54FD250F8EB40039D048 /* ExchangeRatesFeediOSTests.xctest */;
			productType = "com.apple.product-type.bundle.unit-test";
		};
		16DDC29B24E6C754006D508D /* MoneyConverterEngine */ = {
			isa = PBXNativeTarget;
			buildConfigurationList = 16DDC2B024E6C754006D508D /* Build configuration list for PBXNativeTarget "MoneyConverterEngine" */;
			buildPhases = (
				16DDC29724E6C754006D508D /* Headers */,
				16DDC29824E6C754006D508D /* Sources */,
				16DDC29924E6C754006D508D /* Frameworks */,
				16DDC29A24E6C754006D508D /* Resources */,
			);
			buildRules = (
			);
			dependencies = (
			);
			name = MoneyConverterEngine;
			productName = MoneyConverterEngine;
			productReference = 16DDC29C24E6C754006D508D /* MoneyConverterEngine.framework */;
			productType = "com.apple.product-type.framework";
		};
		16DDC2A424E6C754006D508D /* MoneyConverterEngineTests */ = {
			isa = PBXNativeTarget;
			buildConfigurationList = 16DDC2B324E6C754006D508D /* Build configuration list for PBXNativeTarget "MoneyConverterEngineTests" */;
			buildPhases = (
				16DDC2A124E6C754006D508D /* Sources */,
				16DDC2A224E6C754006D508D /* Frameworks */,
				16DDC2A324E6C754006D508D /* Resources */,
			);
			buildRules = (
			);
			dependencies = (
				16DDC2A824E6C754006D508D /* PBXTargetDependency */,
			);
			name = MoneyConverterEngineTests;
			productName = MoneyConverterEngineTests;
			productReference = 16DDC2A524E6C754006D508D /* MoneyConverterEngineTests.xctest */;
			productType = "com.apple.product-type.bundle.unit-test";
		};
		1B76876F250F744E00AF4711 /* MoneyConverterEngineCacheIntegrationTests */ = {
			isa = PBXNativeTarget;
			buildConfigurationList = 1B768777250F744F00AF4711 /* Build configuration list for PBXNativeTarget "MoneyConverterEngineCacheIntegrationTests" */;
			buildPhases = (
				1B76876C250F744E00AF4711 /* Sources */,
				1B76876D250F744E00AF4711 /* Frameworks */,
				1B76876E250F744E00AF4711 /* Resources */,
			);
			buildRules = (
			);
			dependencies = (
			);
			name = MoneyConverterEngineCacheIntegrationTests;
			productName = MoneyConverterEngineCacheIntegrationTests;
			productReference = 1B768770250F744E00AF4711 /* MoneyConverterEngineCacheIntegrationTests.xctest */;
			productType = "com.apple.product-type.bundle.unit-test";
		};
/* End PBXNativeTarget section */

/* Begin PBXProject section */
		16DDC29324E6C754006D508D /* Project object */ = {
			isa = PBXProject;
			attributes = {
				LastSwiftUpdateCheck = 1170;
				LastUpgradeCheck = 1160;
				ORGANIZATIONNAME = Stormwright;
				TargetAttributes = {
					163CE07A250A4CF3002E9025 = {
						CreatedOnToolsVersion = 11.7;
					};
					163E54E9250F89BE0039D048 = {
						CreatedOnToolsVersion = 11.7;
						LastSwiftMigration = 1170;
					};
					163E54FC250F8EB40039D048 = {
						CreatedOnToolsVersion = 11.7;
					};
					16DDC29B24E6C754006D508D = {
						CreatedOnToolsVersion = 11.6;
						LastSwiftMigration = 1130;
					};
					16DDC2A424E6C754006D508D = {
						CreatedOnToolsVersion = 11.6;
						LastSwiftMigration = 1160;
					};
					1B76876F250F744E00AF4711 = {
						CreatedOnToolsVersion = 11.3.1;
					};
				};
			};
			buildConfigurationList = 16DDC29624E6C754006D508D /* Build configuration list for PBXProject "MoneyConverterEngine" */;
			compatibilityVersion = "Xcode 9.3";
			developmentRegion = en;
			hasScannedForEncodings = 0;
			knownRegions = (
				en,
				Base,
			);
			mainGroup = 16DDC29224E6C754006D508D;
			productRefGroup = 16DDC29D24E6C754006D508D /* Products */;
			projectDirPath = "";
			projectRoot = "";
			targets = (
				16DDC29B24E6C754006D508D /* MoneyConverterEngine */,
				16DDC2A424E6C754006D508D /* MoneyConverterEngineTests */,
				163CE07A250A4CF3002E9025 /* MoneyConverterEngineAPIEndToEndTests */,
				1B76876F250F744E00AF4711 /* MoneyConverterEngineCacheIntegrationTests */,
				163E54E9250F89BE0039D048 /* ExchangeRatesFeediOS */,
				163E54FC250F8EB40039D048 /* ExchangeRatesFeediOSTests */,
			);
		};
/* End PBXProject section */

/* Begin PBXResourcesBuildPhase section */
		163CE079250A4CF3002E9025 /* Resources */ = {
			isa = PBXResourcesBuildPhase;
			buildActionMask = 2147483647;
			files = (
			);
			runOnlyForDeploymentPostprocessing = 0;
		};
		163E54E8250F89BE0039D048 /* Resources */ = {
			isa = PBXResourcesBuildPhase;
			buildActionMask = 2147483647;
			files = (
				163E5517250F9D0A0039D048 /* MainFeed.strings in Resources */,
				163E551D250FAFC00039D048 /* MainFeed.xcassets in Resources */,
				163E551B250FA2E50039D048 /* MainFeed.storyboard in Resources */,
			);
			runOnlyForDeploymentPostprocessing = 0;
		};
		163E54FB250F8EB40039D048 /* Resources */ = {
			isa = PBXResourcesBuildPhase;
			buildActionMask = 2147483647;
			files = (
			);
			runOnlyForDeploymentPostprocessing = 0;
		};
		16DDC29A24E6C754006D508D /* Resources */ = {
			isa = PBXResourcesBuildPhase;
			buildActionMask = 2147483647;
			files = (
			);
			runOnlyForDeploymentPostprocessing = 0;
		};
		16DDC2A324E6C754006D508D /* Resources */ = {
			isa = PBXResourcesBuildPhase;
			buildActionMask = 2147483647;
			files = (
			);
			runOnlyForDeploymentPostprocessing = 0;
		};
		1B76876E250F744E00AF4711 /* Resources */ = {
			isa = PBXResourcesBuildPhase;
			buildActionMask = 2147483647;
			files = (
			);
			runOnlyForDeploymentPostprocessing = 0;
		};
/* End PBXResourcesBuildPhase section */

/* Begin PBXSourcesBuildPhase section */
		163CE077250A4CF3002E9025 /* Sources */ = {
			isa = PBXSourcesBuildPhase;
			buildActionMask = 2147483647;
			files = (
				163CE07E250A4CF3002E9025 /* MoneyConverterEngineAPIEndToEndTests.swift in Sources */,
				163CE086250A50FE002E9025 /* XCTestCase+MemoryLeakTracking.swift in Sources */,
			);
			runOnlyForDeploymentPostprocessing = 0;
		};
		163E54E6250F89BE0039D048 /* Sources */ = {
			isa = PBXSourcesBuildPhase;
			buildActionMask = 2147483647;
			files = (
				165E206E2512198300AFB974 /* MainFeedUIComposer.swift in Sources */,
				161233762510BA9E00263D40 /* ExchangeRateCell.swift in Sources */,
				1612337A2510BC3700263D40 /* ExchangeRateCellViewModel.swift in Sources */,
				161233782510BBC000263D40 /* ExchangeRateCellController.swift in Sources */,
				161233812510E75300263D40 /* MainFeedViewController.swift in Sources */,
				1BFB79222510FB5100EDB9B5 /* Localized.swift in Sources */,
				1612337F2510D3DC00263D40 /* UIImageView+Animations.swift in Sources */,
				1612337D2510D2FF00263D40 /* UITableView+Dequeueing.swift in Sources */,
				163E5519250F9D8A0039D048 /* MainFeedViewModel.swift in Sources */,
				1BFB79202510F33C00EDB9B5 /* ErrorView.swift in Sources */,
			);
			runOnlyForDeploymentPostprocessing = 0;
		};
		163E54F9250F8EB40039D048 /* Sources */ = {
			isa = PBXSourcesBuildPhase;
			buildActionMask = 2147483647;
			files = (
				163E550A250F8F7F0039D048 /* XCTestCase+MemoryLeakTracking.swift in Sources */,
			);
			runOnlyForDeploymentPostprocessing = 0;
		};
		16DDC29824E6C754006D508D /* Sources */ = {
			isa = PBXSourcesBuildPhase;
			buildActionMask = 2147483647;
			files = (
				163CE06D250A2D57002E9025 /* CoreDataHelpers.swift in Sources */,
				163CE074250A371E002E9025 /* ManagedRate.swift in Sources */,
				1B74030A24FAE87F001384AF /* FeedRatesMapper.swift in Sources */,
				163CE0542507C317002E9025 /* RatesFeedStore.swift in Sources */,
				163CE0562507C352002E9025 /* LocalFeedRate.swift in Sources */,
				163CE06F250A2DCC002E9025 /* CoreDataRatesFeedStore+RatesFeedStore.swift in Sources */,
				1B74030C24FAE8A9001384AF /* RemoteFeedRate.swift in Sources */,
				163CE06B250A2D14002E9025 /* CoreDataRatesFeedStore.swift in Sources */,
				1B74030024FAE6A7001384AF /* RatesFeedLoader.swift in Sources */,
				163CE0512507C2AA002E9025 /* LocalRatesFeedLoader.swift in Sources */,
				1BB82F612507D46100E2D911 /* RatesFeedCachePolicy.swift in Sources */,
				163CE076250A37B5002E9025 /* ManagedCache.swift in Sources */,
				1B74031124FAE943001384AF /* URLSessionHTTPClient.swift in Sources */,
				163CE072250A2F21002E9025 /* RatesFeedStore.xcdatamodeld in Sources */,
				1B74030624FAE7D1001384AF /* RemoteRatesFeedLoader.swift in Sources */,
				1B74030F24FAE8F2001384AF /* HTTPURLResponse+StatusCodes.swift in Sources */,
				1B74030824FAE813001384AF /* HTTPClient.swift in Sources */,
				163CE0582507C39C002E9025 /* FeedCache.swift in Sources */,
				1B74030224FAE6E0001384AF /* FeedRate.swift in Sources */,
			);
			runOnlyForDeploymentPostprocessing = 0;
		};
		16DDC2A124E6C754006D508D /* Sources */ = {
			isa = PBXSourcesBuildPhase;
			buildActionMask = 2147483647;
			files = (
				163CE067250A2A9F002E9025 /* XCTestCase+FailableDeleteRatesFeedStoreSpecs.swift in Sources */,
				163CE061250A286C002E9025 /* XCTestCase+RatesFeedStoreSpecs.swift in Sources */,
				163CE063250A29B2002E9025 /* XCTestCase+FailableRetrieveRatesFeedStoreSpecs.swift in Sources */,
				163CE05A2508DA4D002E9025 /* ValidateFeedCacheUseCaseTests.swift in Sources */,
				163CE05C250A26A1002E9025 /* CoreDataFeedStoreTests.swift in Sources */,
				16DDC2B724E6D1C7006D508D /* LoadRatesFeedFromRemoteUseCases.swift in Sources */,
				163CE065250A2A23002E9025 /* XCTestCase+FailableInsertRatesFeedStoreSpecs.swift in Sources */,
				1B7402FE24FAE239001384AF /* HTTPClientSpy.swift in Sources */,
				163CE04925068880002E9025 /* SharedTestHelpers.swift in Sources */,
				1B7402FB24FAD40E001384AF /* URLSessionHTTPClientTests.swift in Sources */,
				163CE05F250A270E002E9025 /* RatesFeedStoreSpecs.swift in Sources */,
				16DDC2BA24E6D280006D508D /* XCTestCase+MemoryLeakTracking.swift in Sources */,
				1BB82F5F2507CF4300E2D911 /* LoadRatesFeedFromCacheUseCaseTests.swift in Sources */,
				163CE04C25068DFF002E9025 /* CacheRatesFeedUseCaseTests.swift in Sources */,
				163CE04F2507C23C002E9025 /* RatesFeedStoreSpy.swift in Sources */,
				1B74031324FAEAC8001384AF /* URLProtocolStub.swift in Sources */,
			);
			runOnlyForDeploymentPostprocessing = 0;
		};
		1B76876C250F744E00AF4711 /* Sources */ = {
			isa = PBXSourcesBuildPhase;
			buildActionMask = 2147483647;
			files = (
				1B768779250F779200AF4711 /* SharedTestHelpers.swift in Sources */,
				1B768773250F744E00AF4711 /* MoneyConverterEngineCacheIntegrationTests.swift in Sources */,
				1B76877A250F77D600AF4711 /* XCTestCase+MemoryLeakTracking.swift in Sources */,
			);
			runOnlyForDeploymentPostprocessing = 0;
		};
/* End PBXSourcesBuildPhase section */

/* Begin PBXTargetDependency section */
		163CE082250A4CF3002E9025 /* PBXTargetDependency */ = {
			isa = PBXTargetDependency;
			target = 16DDC29B24E6C754006D508D /* MoneyConverterEngine */;
			targetProxy = 163CE081250A4CF3002E9025 /* PBXContainerItemProxy */;
		};
		163E5504250F8EB40039D048 /* PBXTargetDependency */ = {
			isa = PBXTargetDependency;
			target = 163E54E9250F89BE0039D048 /* ExchangeRatesFeediOS */;
			targetProxy = 163E5503250F8EB40039D048 /* PBXContainerItemProxy */;
		};
		163E5512250F90870039D048 /* PBXTargetDependency */ = {
			isa = PBXTargetDependency;
			platformFilter = ios;
			target = 16DDC29B24E6C754006D508D /* MoneyConverterEngine */;
			targetProxy = 163E5511250F90870039D048 /* PBXContainerItemProxy */;
		};
		16DDC2A824E6C754006D508D /* PBXTargetDependency */ = {
			isa = PBXTargetDependency;
			target = 16DDC29B24E6C754006D508D /* MoneyConverterEngine */;
			targetProxy = 16DDC2A724E6C754006D508D /* PBXContainerItemProxy */;
		};
/* End PBXTargetDependency section */

/* Begin XCBuildConfiguration section */
		163CE084250A4CF3002E9025 /* Debug */ = {
			isa = XCBuildConfiguration;
			buildSettings = {
				CODE_SIGN_STYLE = Automatic;
				COMBINE_HIDPI_IMAGES = YES;
				DEVELOPMENT_TEAM = SBMHDYBNDN;
				INFOPLIST_FILE = MoneyConverterEngineAPIEndToEndTests/Info.plist;
				IPHONEOS_DEPLOYMENT_TARGET = 13.0;
				LD_RUNPATH_SEARCH_PATHS = (
					"$(inherited)",
					"@executable_path/../Frameworks",
					"@loader_path/../Frameworks",
				);
				PRODUCT_BUNDLE_IDENTIFIER = com.epistaim.MoneyConverterEngine.MoneyConverterEngineAPIEndToEndTests;
				PRODUCT_NAME = "$(TARGET_NAME)";
				SUPPORTED_PLATFORMS = "macosx iphoneos iphonesimulator";
				SWIFT_VERSION = 5.0;
			};
			name = Debug;
		};
		163CE085250A4CF3002E9025 /* Release */ = {
			isa = XCBuildConfiguration;
			buildSettings = {
				CODE_SIGN_STYLE = Automatic;
				COMBINE_HIDPI_IMAGES = YES;
				DEVELOPMENT_TEAM = SBMHDYBNDN;
				INFOPLIST_FILE = MoneyConverterEngineAPIEndToEndTests/Info.plist;
				IPHONEOS_DEPLOYMENT_TARGET = 13.0;
				LD_RUNPATH_SEARCH_PATHS = (
					"$(inherited)",
					"@executable_path/../Frameworks",
					"@loader_path/../Frameworks",
				);
				PRODUCT_BUNDLE_IDENTIFIER = com.epistaim.MoneyConverterEngine.MoneyConverterEngineAPIEndToEndTests;
				PRODUCT_NAME = "$(TARGET_NAME)";
				SUPPORTED_PLATFORMS = "macosx iphoneos iphonesimulator";
				SWIFT_VERSION = 5.0;
			};
			name = Release;
		};
		163E54EF250F89BE0039D048 /* Debug */ = {
			isa = XCBuildConfiguration;
			buildSettings = {
				CLANG_ENABLE_MODULES = YES;
				CODE_SIGN_STYLE = Automatic;
				DEFINES_MODULE = YES;
				DEVELOPMENT_TEAM = SBMHDYBNDN;
				DYLIB_COMPATIBILITY_VERSION = 1;
				DYLIB_CURRENT_VERSION = 1;
				DYLIB_INSTALL_NAME_BASE = "@rpath";
				INFOPLIST_FILE = ExchangeRatesFeediOS/Info.plist;
				INSTALL_PATH = "$(LOCAL_LIBRARY_DIR)/Frameworks";
				IPHONEOS_DEPLOYMENT_TARGET = 13.0;
				LD_RUNPATH_SEARCH_PATHS = (
					"$(inherited)",
					"@executable_path/Frameworks",
					"@loader_path/Frameworks",
				);
				PRODUCT_BUNDLE_IDENTIFIER = com.epistaim.MoneyConverterEngine.ExchangeRatesFeediOS;
				PRODUCT_NAME = "$(TARGET_NAME:c99extidentifier)";
				SDKROOT = iphoneos;
				SKIP_INSTALL = YES;
				SUPPORTS_MACCATALYST = YES;
				SWIFT_OPTIMIZATION_LEVEL = "-Onone";
				SWIFT_VERSION = 5.0;
				TARGETED_DEVICE_FAMILY = "1,2";
			};
			name = Debug;
		};
		163E54F0250F89BE0039D048 /* Release */ = {
			isa = XCBuildConfiguration;
			buildSettings = {
				CLANG_ENABLE_MODULES = YES;
				CODE_SIGN_STYLE = Automatic;
				DEFINES_MODULE = YES;
				DEVELOPMENT_TEAM = SBMHDYBNDN;
				DYLIB_COMPATIBILITY_VERSION = 1;
				DYLIB_CURRENT_VERSION = 1;
				DYLIB_INSTALL_NAME_BASE = "@rpath";
				INFOPLIST_FILE = ExchangeRatesFeediOS/Info.plist;
				INSTALL_PATH = "$(LOCAL_LIBRARY_DIR)/Frameworks";
				IPHONEOS_DEPLOYMENT_TARGET = 13.0;
				LD_RUNPATH_SEARCH_PATHS = (
					"$(inherited)",
					"@executable_path/Frameworks",
					"@loader_path/Frameworks",
				);
				PRODUCT_BUNDLE_IDENTIFIER = com.epistaim.MoneyConverterEngine.ExchangeRatesFeediOS;
				PRODUCT_NAME = "$(TARGET_NAME:c99extidentifier)";
				SDKROOT = iphoneos;
				SKIP_INSTALL = YES;
				SUPPORTS_MACCATALYST = YES;
				SWIFT_VERSION = 5.0;
				TARGETED_DEVICE_FAMILY = "1,2";
				VALIDATE_PRODUCT = YES;
			};
			name = Release;
		};
		163E5506250F8EB40039D048 /* Debug */ = {
			isa = XCBuildConfiguration;
			buildSettings = {
				ALWAYS_EMBED_SWIFT_STANDARD_LIBRARIES = YES;
				CODE_SIGN_STYLE = Automatic;
				DEVELOPMENT_TEAM = SBMHDYBNDN;
				INFOPLIST_FILE = ExchangeRatesFeediOSTests/Info.plist;
				IPHONEOS_DEPLOYMENT_TARGET = 13.0;
				LD_RUNPATH_SEARCH_PATHS = (
					"$(inherited)",
					"@executable_path/Frameworks",
					"@loader_path/Frameworks",
				);
				PRODUCT_BUNDLE_IDENTIFIER = com.epistaim.MoneyConverterEngine.ExchangeRatesFeediOSTests;
				PRODUCT_NAME = "$(TARGET_NAME)";
				SDKROOT = iphoneos;
				SWIFT_VERSION = 5.0;
				TARGETED_DEVICE_FAMILY = "1,2";
			};
			name = Debug;
		};
		163E5507250F8EB40039D048 /* Release */ = {
			isa = XCBuildConfiguration;
			buildSettings = {
				ALWAYS_EMBED_SWIFT_STANDARD_LIBRARIES = YES;
				CODE_SIGN_STYLE = Automatic;
				DEVELOPMENT_TEAM = SBMHDYBNDN;
				INFOPLIST_FILE = ExchangeRatesFeediOSTests/Info.plist;
				IPHONEOS_DEPLOYMENT_TARGET = 13.0;
				LD_RUNPATH_SEARCH_PATHS = (
					"$(inherited)",
					"@executable_path/Frameworks",
					"@loader_path/Frameworks",
				);
				PRODUCT_BUNDLE_IDENTIFIER = com.epistaim.MoneyConverterEngine.ExchangeRatesFeediOSTests;
				PRODUCT_NAME = "$(TARGET_NAME)";
				SDKROOT = iphoneos;
				SWIFT_VERSION = 5.0;
				TARGETED_DEVICE_FAMILY = "1,2";
				VALIDATE_PRODUCT = YES;
			};
			name = Release;
		};
		16DDC2AE24E6C754006D508D /* Debug */ = {
			isa = XCBuildConfiguration;
			buildSettings = {
				ALWAYS_SEARCH_USER_PATHS = NO;
				CLANG_ANALYZER_NONNULL = YES;
				CLANG_ANALYZER_NUMBER_OBJECT_CONVERSION = YES_AGGRESSIVE;
				CLANG_CXX_LANGUAGE_STANDARD = "gnu++14";
				CLANG_CXX_LIBRARY = "libc++";
				CLANG_ENABLE_MODULES = YES;
				CLANG_ENABLE_OBJC_ARC = YES;
				CLANG_ENABLE_OBJC_WEAK = YES;
				CLANG_WARN_BLOCK_CAPTURE_AUTORELEASING = YES;
				CLANG_WARN_BOOL_CONVERSION = YES;
				CLANG_WARN_COMMA = YES;
				CLANG_WARN_CONSTANT_CONVERSION = YES;
				CLANG_WARN_DEPRECATED_OBJC_IMPLEMENTATIONS = YES;
				CLANG_WARN_DIRECT_OBJC_ISA_USAGE = YES_ERROR;
				CLANG_WARN_DOCUMENTATION_COMMENTS = YES;
				CLANG_WARN_EMPTY_BODY = YES;
				CLANG_WARN_ENUM_CONVERSION = YES;
				CLANG_WARN_INFINITE_RECURSION = YES;
				CLANG_WARN_INT_CONVERSION = YES;
				CLANG_WARN_NON_LITERAL_NULL_CONVERSION = YES;
				CLANG_WARN_OBJC_IMPLICIT_RETAIN_SELF = YES;
				CLANG_WARN_OBJC_LITERAL_CONVERSION = YES;
				CLANG_WARN_OBJC_ROOT_CLASS = YES_ERROR;
				CLANG_WARN_RANGE_LOOP_ANALYSIS = YES;
				CLANG_WARN_STRICT_PROTOTYPES = YES;
				CLANG_WARN_SUSPICIOUS_MOVE = YES;
				CLANG_WARN_UNGUARDED_AVAILABILITY = YES_AGGRESSIVE;
				CLANG_WARN_UNREACHABLE_CODE = YES;
				CLANG_WARN__DUPLICATE_METHOD_MATCH = YES;
				COPY_PHASE_STRIP = NO;
				CURRENT_PROJECT_VERSION = 1;
				DEBUG_INFORMATION_FORMAT = dwarf;
				ENABLE_STRICT_OBJC_MSGSEND = YES;
				ENABLE_TESTABILITY = YES;
				GCC_C_LANGUAGE_STANDARD = gnu11;
				GCC_DYNAMIC_NO_PIC = NO;
				GCC_NO_COMMON_BLOCKS = YES;
				GCC_OPTIMIZATION_LEVEL = 0;
				GCC_PREPROCESSOR_DEFINITIONS = (
					"DEBUG=1",
					"$(inherited)",
				);
				GCC_WARN_64_TO_32_BIT_CONVERSION = YES;
				GCC_WARN_ABOUT_RETURN_TYPE = YES_ERROR;
				GCC_WARN_UNDECLARED_SELECTOR = YES;
				GCC_WARN_UNINITIALIZED_AUTOS = YES_AGGRESSIVE;
				GCC_WARN_UNUSED_FUNCTION = YES;
				GCC_WARN_UNUSED_VARIABLE = YES;
				MACOSX_DEPLOYMENT_TARGET = 10.15;
				MTL_ENABLE_DEBUG_INFO = INCLUDE_SOURCE;
				MTL_FAST_MATH = YES;
				ONLY_ACTIVE_ARCH = YES;
				SDKROOT = macosx;
				SWIFT_ACTIVE_COMPILATION_CONDITIONS = DEBUG;
				SWIFT_OPTIMIZATION_LEVEL = "-Onone";
				VERSIONING_SYSTEM = "apple-generic";
				VERSION_INFO_PREFIX = "";
			};
			name = Debug;
		};
		16DDC2AF24E6C754006D508D /* Release */ = {
			isa = XCBuildConfiguration;
			buildSettings = {
				ALWAYS_SEARCH_USER_PATHS = NO;
				CLANG_ANALYZER_NONNULL = YES;
				CLANG_ANALYZER_NUMBER_OBJECT_CONVERSION = YES_AGGRESSIVE;
				CLANG_CXX_LANGUAGE_STANDARD = "gnu++14";
				CLANG_CXX_LIBRARY = "libc++";
				CLANG_ENABLE_MODULES = YES;
				CLANG_ENABLE_OBJC_ARC = YES;
				CLANG_ENABLE_OBJC_WEAK = YES;
				CLANG_WARN_BLOCK_CAPTURE_AUTORELEASING = YES;
				CLANG_WARN_BOOL_CONVERSION = YES;
				CLANG_WARN_COMMA = YES;
				CLANG_WARN_CONSTANT_CONVERSION = YES;
				CLANG_WARN_DEPRECATED_OBJC_IMPLEMENTATIONS = YES;
				CLANG_WARN_DIRECT_OBJC_ISA_USAGE = YES_ERROR;
				CLANG_WARN_DOCUMENTATION_COMMENTS = YES;
				CLANG_WARN_EMPTY_BODY = YES;
				CLANG_WARN_ENUM_CONVERSION = YES;
				CLANG_WARN_INFINITE_RECURSION = YES;
				CLANG_WARN_INT_CONVERSION = YES;
				CLANG_WARN_NON_LITERAL_NULL_CONVERSION = YES;
				CLANG_WARN_OBJC_IMPLICIT_RETAIN_SELF = YES;
				CLANG_WARN_OBJC_LITERAL_CONVERSION = YES;
				CLANG_WARN_OBJC_ROOT_CLASS = YES_ERROR;
				CLANG_WARN_RANGE_LOOP_ANALYSIS = YES;
				CLANG_WARN_STRICT_PROTOTYPES = YES;
				CLANG_WARN_SUSPICIOUS_MOVE = YES;
				CLANG_WARN_UNGUARDED_AVAILABILITY = YES_AGGRESSIVE;
				CLANG_WARN_UNREACHABLE_CODE = YES;
				CLANG_WARN__DUPLICATE_METHOD_MATCH = YES;
				COPY_PHASE_STRIP = NO;
				CURRENT_PROJECT_VERSION = 1;
				DEBUG_INFORMATION_FORMAT = "dwarf-with-dsym";
				ENABLE_NS_ASSERTIONS = NO;
				ENABLE_STRICT_OBJC_MSGSEND = YES;
				GCC_C_LANGUAGE_STANDARD = gnu11;
				GCC_NO_COMMON_BLOCKS = YES;
				GCC_WARN_64_TO_32_BIT_CONVERSION = YES;
				GCC_WARN_ABOUT_RETURN_TYPE = YES_ERROR;
				GCC_WARN_UNDECLARED_SELECTOR = YES;
				GCC_WARN_UNINITIALIZED_AUTOS = YES_AGGRESSIVE;
				GCC_WARN_UNUSED_FUNCTION = YES;
				GCC_WARN_UNUSED_VARIABLE = YES;
				MACOSX_DEPLOYMENT_TARGET = 10.15;
				MTL_ENABLE_DEBUG_INFO = NO;
				MTL_FAST_MATH = YES;
				SDKROOT = macosx;
				SWIFT_COMPILATION_MODE = wholemodule;
				SWIFT_OPTIMIZATION_LEVEL = "-O";
				VERSIONING_SYSTEM = "apple-generic";
				VERSION_INFO_PREFIX = "";
			};
			name = Release;
		};
		16DDC2B124E6C754006D508D /* Debug */ = {
			isa = XCBuildConfiguration;
			buildSettings = {
				CLANG_ENABLE_MODULES = YES;
				CODE_SIGN_STYLE = Automatic;
				COMBINE_HIDPI_IMAGES = YES;
				DEFINES_MODULE = YES;
				DEVELOPMENT_TEAM = SBMHDYBNDN;
				DYLIB_COMPATIBILITY_VERSION = 1;
				DYLIB_CURRENT_VERSION = 1;
				DYLIB_INSTALL_NAME_BASE = "@rpath";
				INFOPLIST_FILE = MoneyConverterEngine/Info.plist;
				INSTALL_PATH = "$(LOCAL_LIBRARY_DIR)/Frameworks";
				IPHONEOS_DEPLOYMENT_TARGET = 13.0;
				LD_RUNPATH_SEARCH_PATHS = (
					"$(inherited)",
					"@executable_path/../Frameworks",
					"@loader_path/Frameworks",
				);
				MACOSX_DEPLOYMENT_TARGET = 10.15;
				PRODUCT_BUNDLE_IDENTIFIER = com.epistaim.MoneyConverterEngine;
				PRODUCT_NAME = "$(TARGET_NAME:c99extidentifier)";
				SKIP_INSTALL = YES;
				SUPPORTED_PLATFORMS = "macosx iphoneos iphonesimulator";
				SWIFT_OPTIMIZATION_LEVEL = "-Onone";
				SWIFT_VERSION = 5.0;
			};
			name = Debug;
		};
		16DDC2B224E6C754006D508D /* Release */ = {
			isa = XCBuildConfiguration;
			buildSettings = {
				CLANG_ENABLE_MODULES = YES;
				CODE_SIGN_STYLE = Automatic;
				COMBINE_HIDPI_IMAGES = YES;
				DEFINES_MODULE = YES;
				DEVELOPMENT_TEAM = SBMHDYBNDN;
				DYLIB_COMPATIBILITY_VERSION = 1;
				DYLIB_CURRENT_VERSION = 1;
				DYLIB_INSTALL_NAME_BASE = "@rpath";
				INFOPLIST_FILE = MoneyConverterEngine/Info.plist;
				INSTALL_PATH = "$(LOCAL_LIBRARY_DIR)/Frameworks";
				IPHONEOS_DEPLOYMENT_TARGET = 13.0;
				LD_RUNPATH_SEARCH_PATHS = (
					"$(inherited)",
					"@executable_path/../Frameworks",
					"@loader_path/Frameworks",
				);
				MACOSX_DEPLOYMENT_TARGET = 10.15;
				PRODUCT_BUNDLE_IDENTIFIER = com.epistaim.MoneyConverterEngine;
				PRODUCT_NAME = "$(TARGET_NAME:c99extidentifier)";
				SKIP_INSTALL = YES;
				SUPPORTED_PLATFORMS = "macosx iphoneos iphonesimulator";
				SWIFT_VERSION = 5.0;
			};
			name = Release;
		};
		16DDC2B424E6C754006D508D /* Debug */ = {
			isa = XCBuildConfiguration;
			buildSettings = {
				ALWAYS_EMBED_SWIFT_STANDARD_LIBRARIES = YES;
				CLANG_ENABLE_MODULES = YES;
				CODE_SIGN_STYLE = Automatic;
				COMBINE_HIDPI_IMAGES = YES;
				DEVELOPMENT_TEAM = SBMHDYBNDN;
				INFOPLIST_FILE = MoneyConverterEngineTests/Info.plist;
				IPHONEOS_DEPLOYMENT_TARGET = 13.0;
				LD_RUNPATH_SEARCH_PATHS = (
					"$(inherited)",
					"@executable_path/../Frameworks",
					"@loader_path/../Frameworks",
				);
				PRODUCT_BUNDLE_IDENTIFIER = com.epistaim.MoneyConverterEngineTests;
				PRODUCT_NAME = "$(TARGET_NAME)";
				SWIFT_OPTIMIZATION_LEVEL = "-Onone";
				SWIFT_VERSION = 5.0;
			};
			name = Debug;
		};
		16DDC2B524E6C754006D508D /* Release */ = {
			isa = XCBuildConfiguration;
			buildSettings = {
				ALWAYS_EMBED_SWIFT_STANDARD_LIBRARIES = YES;
				CLANG_ENABLE_MODULES = YES;
				CODE_SIGN_STYLE = Automatic;
				COMBINE_HIDPI_IMAGES = YES;
				DEVELOPMENT_TEAM = SBMHDYBNDN;
				INFOPLIST_FILE = MoneyConverterEngineTests/Info.plist;
				IPHONEOS_DEPLOYMENT_TARGET = 13.0;
				LD_RUNPATH_SEARCH_PATHS = (
					"$(inherited)",
					"@executable_path/../Frameworks",
					"@loader_path/../Frameworks",
				);
				PRODUCT_BUNDLE_IDENTIFIER = com.epistaim.MoneyConverterEngineTests;
				PRODUCT_NAME = "$(TARGET_NAME)";
				SWIFT_VERSION = 5.0;
			};
			name = Release;
		};
		1B768775250F744F00AF4711 /* Debug */ = {
			isa = XCBuildConfiguration;
			buildSettings = {
				CODE_SIGN_STYLE = Automatic;
				DEVELOPMENT_TEAM = SBMHDYBNDN;
				INFOPLIST_FILE = MoneyConverterEngineCacheIntegrationTests/Info.plist;
				IPHONEOS_DEPLOYMENT_TARGET = 13.0;
				LD_RUNPATH_SEARCH_PATHS = (
					"$(inherited)",
					"@executable_path/Frameworks",
					"@loader_path/Frameworks",
				);
				PRODUCT_BUNDLE_IDENTIFIER = com.epistaim.MoneyConverterEngine.MoneyConverterEngineCacheIntegrationTests;
				PRODUCT_NAME = "$(TARGET_NAME)";
				SDKROOT = macosx;
				SUPPORTED_PLATFORMS = "macosx iphoneos iphonesimulator";
				SWIFT_VERSION = 5.0;
				TARGETED_DEVICE_FAMILY = "1,2";
			};
			name = Debug;
		};
		1B768776250F744F00AF4711 /* Release */ = {
			isa = XCBuildConfiguration;
			buildSettings = {
				CODE_SIGN_STYLE = Automatic;
				DEVELOPMENT_TEAM = SBMHDYBNDN;
				INFOPLIST_FILE = MoneyConverterEngineCacheIntegrationTests/Info.plist;
				IPHONEOS_DEPLOYMENT_TARGET = 13.0;
				LD_RUNPATH_SEARCH_PATHS = (
					"$(inherited)",
					"@executable_path/Frameworks",
					"@loader_path/Frameworks",
				);
				PRODUCT_BUNDLE_IDENTIFIER = com.epistaim.MoneyConverterEngine.MoneyConverterEngineCacheIntegrationTests;
				PRODUCT_NAME = "$(TARGET_NAME)";
				SDKROOT = macosx;
				SUPPORTED_PLATFORMS = "macosx iphoneos iphonesimulator";
				SWIFT_VERSION = 5.0;
				TARGETED_DEVICE_FAMILY = "1,2";
				VALIDATE_PRODUCT = YES;
			};
			name = Release;
		};
/* End XCBuildConfiguration section */

/* Begin XCConfigurationList section */
		163CE083250A4CF3002E9025 /* Build configuration list for PBXNativeTarget "MoneyConverterEngineAPIEndToEndTests" */ = {
			isa = XCConfigurationList;
			buildConfigurations = (
				163CE084250A4CF3002E9025 /* Debug */,
				163CE085250A4CF3002E9025 /* Release */,
			);
			defaultConfigurationIsVisible = 0;
			defaultConfigurationName = Release;
		};
		163E54F1250F89BF0039D048 /* Build configuration list for PBXNativeTarget "ExchangeRatesFeediOS" */ = {
			isa = XCConfigurationList;
			buildConfigurations = (
				163E54EF250F89BE0039D048 /* Debug */,
				163E54F0250F89BE0039D048 /* Release */,
			);
			defaultConfigurationIsVisible = 0;
			defaultConfigurationName = Release;
		};
		163E5505250F8EB40039D048 /* Build configuration list for PBXNativeTarget "ExchangeRatesFeediOSTests" */ = {
			isa = XCConfigurationList;
			buildConfigurations = (
				163E5506250F8EB40039D048 /* Debug */,
				163E5507250F8EB40039D048 /* Release */,
			);
			defaultConfigurationIsVisible = 0;
			defaultConfigurationName = Release;
		};
		16DDC29624E6C754006D508D /* Build configuration list for PBXProject "MoneyConverterEngine" */ = {
			isa = XCConfigurationList;
			buildConfigurations = (
				16DDC2AE24E6C754006D508D /* Debug */,
				16DDC2AF24E6C754006D508D /* Release */,
			);
			defaultConfigurationIsVisible = 0;
			defaultConfigurationName = Release;
		};
		16DDC2B024E6C754006D508D /* Build configuration list for PBXNativeTarget "MoneyConverterEngine" */ = {
			isa = XCConfigurationList;
			buildConfigurations = (
				16DDC2B124E6C754006D508D /* Debug */,
				16DDC2B224E6C754006D508D /* Release */,
			);
			defaultConfigurationIsVisible = 0;
			defaultConfigurationName = Release;
		};
		16DDC2B324E6C754006D508D /* Build configuration list for PBXNativeTarget "MoneyConverterEngineTests" */ = {
			isa = XCConfigurationList;
			buildConfigurations = (
				16DDC2B424E6C754006D508D /* Debug */,
				16DDC2B524E6C754006D508D /* Release */,
			);
			defaultConfigurationIsVisible = 0;
			defaultConfigurationName = Release;
		};
		1B768777250F744F00AF4711 /* Build configuration list for PBXNativeTarget "MoneyConverterEngineCacheIntegrationTests" */ = {
			isa = XCConfigurationList;
			buildConfigurations = (
				1B768775250F744F00AF4711 /* Debug */,
				1B768776250F744F00AF4711 /* Release */,
			);
			defaultConfigurationIsVisible = 0;
			defaultConfigurationName = Release;
		};
/* End XCConfigurationList section */

/* Begin XCVersionGroup section */
		163CE070250A2F21002E9025 /* RatesFeedStore.xcdatamodeld */ = {
			isa = XCVersionGroup;
			children = (
				163CE071250A2F21002E9025 /* RatesFeedStore.xcdatamodel */,
			);
			currentVersion = 163CE071250A2F21002E9025 /* RatesFeedStore.xcdatamodel */;
			path = RatesFeedStore.xcdatamodeld;
			sourceTree = "<group>";
			versionGroupType = wrapper.xcdatamodel;
		};
/* End XCVersionGroup section */
	};
	rootObject = 16DDC29324E6C754006D508D /* Project object */;
}
